PODS:
  - camera (0.0.1):
    - Flutter
  - Flutter (1.0.0)
  - image_gallery_saver (1.5.0):
    - Flutter
  - path_provider (0.0.1):
    - Flutter
  - square_camera (0.0.1):
    - Flutter

DEPENDENCIES:
  - camera (from `.symlinks/plugins/camera/ios`)
  - Flutter (from `Flutter`)
  - image_gallery_saver (from `.symlinks/plugins/image_gallery_saver/ios`)
  - path_provider (from `.symlinks/plugins/path_provider/ios`)
  - square_camera (from `.symlinks/plugins/square_camera/ios`)

EXTERNAL SOURCES:
  camera:
    :path: ".symlinks/plugins/camera/ios"
  Flutter:
    :path: Flutter
  image_gallery_saver:
    :path: ".symlinks/plugins/image_gallery_saver/ios"
  path_provider:
    :path: ".symlinks/plugins/path_provider/ios"
  square_camera:
    :path: ".symlinks/plugins/square_camera/ios"

SPEC CHECKSUMS:
  camera: a0ca5080336f7af47b88436e5e26da3dee5568f0
  Flutter: 0e3d915762c693b495b44d77113d4970485de6ec
  image_gallery_saver: 259eab68fb271cfd57d599904f7acdc7832e7ef2
  path_provider: abfe2b5c733d04e238b0d8691db0cfd63a27a93c
  square_camera: f916ef78e2a84b3c3f6c24d572a05280872264b4

PODFILE CHECKSUM: aafe91acc616949ddb318b77800a7f51bffa2a4c

COCOAPODS: 1.10.0
